
Microsoft Visual Studio Solution File, Format Version 12.00
# Visual Studio Version 17
VisualStudioVersion = 17.6.33829.357
MinimumVisualStudioVersion = 10.0.40219.1
Project("{C7167F0D-BC9F-4E6E-AFE1-012C56B48DB5}") = "App1Package", "App1Package\App1Package.wapproj", "{2314B938-F9A0-45FB-BB8A-112639A1D7BF}"
EndProject
Project("{8BC9CEB8-8B4A-11D0-8D11-00A0C91BC942}") = "App1", "App1\App1.vcxproj", "{3216B7C5-E762-4E17-86B7-C0E8238EEE3C}"
	ProjectSection(ProjectDependencies) = postProject
		{A1B2C3D4-E5F6-7890-ABCD-123456789ABC} = {A1B2C3D4-E5F6-7890-ABCD-123456789ABC}
	EndProjectSection
EndProject
Project("{8BC9CEB8-8B4A-11D0-8D11-00A0C91BC942}") = "UnitTestApp1", "UnitTestApp1\UnitTestApp1.vcxproj", "{85E3E9BF-199F-4A93-A0BF-6A99B423854B}"
	ProjectSection(ProjectDependencies) = postProject
		{A1B2C3D4-E5F6-7890-ABCD-123456789ABC} = {A1B2C3D4-E5F6-7890-ABCD-123456789ABC}
	EndProjectSection
EndProject
Project("{8BC9CEB8-8B4A-11D0-8D11-00A0C91BC942}") = "Shared1", "Shared1\Shared1.vcxproj", "{A1B2C3D4-E5F6-7890-ABCD-123456789ABC}"
EndProject
Global
	GlobalSection(SolutionConfigurationPlatforms) = preSolution
		Debug|ARM64 = Debug|ARM64
		Debug|x64 = Debug|x64
		Release|ARM64 = Release|ARM64
		Release|x64 = Release|x64
	EndGlobalSection
	GlobalSection(ProjectConfigurationPlatforms) = postSolution
		{2314B938-F9A0-45FB-BB8A-112639A1D7BF}.Debug|ARM64.ActiveCfg = Debug|ARM64
		{2314B938-F9A0-45FB-BB8A-112639A1D7BF}.Debug|ARM64.Build.0 = Debug|ARM64
		{2314B938-F9A0-45FB-BB8A-112639A1D7BF}.Debug|ARM64.Deploy.0 = Debug|ARM64
		{2314B938-F9A0-45FB-BB8A-112639A1D7BF}.Debug|x64.ActiveCfg = Debug|x64
		{2314B938-F9A0-45FB-BB8A-112639A1D7BF}.Debug|x64.Build.0 = Debug|x64
		{2314B938-F9A0-45FB-BB8A-112639A1D7BF}.Debug|x64.Deploy.0 = Debug|x64
		{2314B938-F9A0-45FB-BB8A-112639A1D7BF}.Release|ARM64.ActiveCfg = Release|ARM64
		{2314B938-F9A0-45FB-BB8A-112639A1D7BF}.Release|ARM64.Build.0 = Release|ARM64
		{2314B938-F9A0-45FB-BB8A-112639A1D7BF}.Release|ARM64.Deploy.0 = Release|ARM64
		{2314B938-F9A0-45FB-BB8A-112639A1D7BF}.Release|x64.ActiveCfg = Release|x64
		{2314B938-F9A0-45FB-BB8A-112639A1D7BF}.Release|x64.Build.0 = Release|x64
		{2314B938-F9A0-45FB-BB8A-112639A1D7BF}.Release|x64.Deploy.0 = Release|x64
		{3216B7C5-E762-4E17-86B7-C0E8238EEE3C}.Debug|ARM64.ActiveCfg = Debug|ARM64
		{3216B7C5-E762-4E17-86B7-C0E8238EEE3C}.Debug|ARM64.Build.0 = Debug|ARM64
		{3216B7C5-E762-4E17-86B7-C0E8238EEE3C}.Debug|x64.ActiveCfg = Debug|x64
		{3216B7C5-E762-4E17-86B7-C0E8238EEE3C}.Debug|x64.Build.0 = Debug|x64
		{3216B7C5-E762-4E17-86B7-C0E8238EEE3C}.Release|ARM64.ActiveCfg = Release|ARM64
		{3216B7C5-E762-4E17-86B7-C0E8238EEE3C}.Release|ARM64.Build.0 = Release|ARM64
		{3216B7C5-E762-4E17-86B7-C0E8238EEE3C}.Release|x64.ActiveCfg = Release|x64
		{3216B7C5-E762-4E17-86B7-C0E8238EEE3C}.Release|x64.Build.0 = Release|x64
		{85E3E9BF-199F-4A93-A0BF-6A99B423854B}.Debug|ARM64.ActiveCfg = Debug|ARM64
		{85E3E9BF-199F-4A93-A0BF-6A99B423854B}.Debug|ARM64.Build.0 = Debug|ARM64
		{85E3E9BF-199F-4A93-A0BF-6A99B423854B}.Debug|ARM64.Deploy.0 = Debug|ARM64
		{85E3E9BF-199F-4A93-A0BF-6A99B423854B}.Debug|x64.ActiveCfg = Debug|x64
		{85E3E9BF-199F-4A93-A0BF-6A99B423854B}.Debug|x64.Build.0 = Debug|x64
		{85E3E9BF-199F-4A93-A0BF-6A99B423854B}.Debug|x64.Deploy.0 = Debug|x64
		{85E3E9BF-199F-4A93-A0BF-6A99B423854B}.Release|ARM64.ActiveCfg = Release|ARM64
		{85E3E9BF-199F-4A93-A0BF-6A99B423854B}.Release|ARM64.Build.0 = Release|ARM64
		{85E3E9BF-199F-4A93-A0BF-6A99B423854B}.Release|ARM64.Deploy.0 = Release|ARM64
		{85E3E9BF-199F-4A93-A0BF-6A99B423854B}.Release|x64.ActiveCfg = Release|x64
		{85E3E9BF-199F-4A93-A0BF-6A99B423854B}.Release|x64.Build.0 = Release|x64
		{85E3E9BF-199F-4A93-A0BF-6A99B423854B}.Release|x64.Deploy.0 = Release|x64
		{A1B2C3D4-E5F6-7890-ABCD-123456789ABC}.Debug|ARM64.ActiveCfg = Debug|ARM64
		{A1B2C3D4-E5F6-7890-ABCD-123456789ABC}.Debug|ARM64.Build.0 = Debug|ARM64
		{A1B2C3D4-E5F6-7890-ABCD-123456789ABC}.Debug|x64.ActiveCfg = Debug|x64
		{A1B2C3D4-E5F6-7890-ABCD-123456789ABC}.Debug|x64.Build.0 = Debug|x64
		{A1B2C3D4-E5F6-7890-ABCD-123456789ABC}.Release|ARM64.ActiveCfg = Release|ARM64
		{A1B2C3D4-E5F6-7890-ABCD-123456789ABC}.Release|ARM64.Build.0 = Release|ARM64
		{A1B2C3D4-E5F6-7890-ABCD-123456789ABC}.Release|x64.ActiveCfg = Release|x64
		{A1B2C3D4-E5F6-7890-ABCD-123456789ABC}.Release|x64.Build.0 = Release|x64
	EndGlobalSection
	GlobalSection(SolutionProperties) = preSolution
		HideSolutionNode = FALSE
	EndGlobalSection
	GlobalSection(ExtensibilityGlobals) = postSolution
		SolutionGuid = {C6BD579A-1910-4D4E-9B0F-DBE939A4FDDE}
	EndGlobalSection
EndGlobal
